// !$*UTF8*$!
{
	archiveVersion = 1;
	classes = {
	};
	objectVersion = 50;
	objects = {

/* Begin PBXBuildFile section */
		8477607324556CC00091989E /* AppDelegate.swift in Sources */ = {isa = PBXBuildFile; fileRef = 8477607224556CC00091989E /* AppDelegate.swift */; };
		8477607524556CC00091989E /* SceneDelegate.swift in Sources */ = {isa = PBXBuildFile; fileRef = 8477607424556CC00091989E /* SceneDelegate.swift */; };
		8477607724556CC00091989E /* ViewController.swift in Sources */ = {isa = PBXBuildFile; fileRef = 8477607624556CC00091989E /* ViewController.swift */; };
		8477607A24556CC00091989E /* Main.storyboard in Resources */ = {isa = PBXBuildFile; fileRef = 8477607824556CC00091989E /* Main.storyboard */; };
		8477607C24556CC30091989E /* Assets.xcassets in Resources */ = {isa = PBXBuildFile; fileRef = 8477607B24556CC30091989E /* Assets.xcassets */; };
		8477607F24556CC40091989E /* LaunchScreen.storyboard in Resources */ = {isa = PBXBuildFile; fileRef = 8477607D24556CC40091989E /* LaunchScreen.storyboard */; };
		847D5ABD2481B834003E71A2 /* DetailViewController.swift in Sources */ = {isa = PBXBuildFile; fileRef = 847D5ABC2481B834003E71A2 /* DetailViewController.swift */; };
		847D5AC02481B89C003E71A2 /* AcademiesViewController.swift in Sources */ = {isa = PBXBuildFile; fileRef = 847D5ABF2481B89C003E71A2 /* AcademiesViewController.swift */; };
		847D5AC22481B8A6003E71A2 /* ChallengesViewController.swift in Sources */ = {isa = PBXBuildFile; fileRef = 847D5AC12481B8A6003E71A2 /* ChallengesViewController.swift */; };
		847D5AC42481B8B2003E71A2 /* ProfileViewController.swift in Sources */ = {isa = PBXBuildFile; fileRef = 847D5AC32481B8B2003E71A2 /* ProfileViewController.swift */; };
/* End PBXBuildFile section */

/* Begin PBXFileReference section */
		8477606F24556CC00091989E /* TryVIew.app */ = {isa = PBXFileReference; explicitFileType = wrapper.application; includeInIndex = 0; path = TryVIew.app; sourceTree = BUILT_PRODUCTS_DIR; };
		8477607224556CC00091989E /* AppDelegate.swift */ = {isa = PBXFileReference; lastKnownFileType = sourcecode.swift; path = AppDelegate.swift; sourceTree = "<group>"; };
		8477607424556CC00091989E /* SceneDelegate.swift */ = {isa = PBXFileReference; lastKnownFileType = sourcecode.swift; path = SceneDelegate.swift; sourceTree = "<group>"; };
		8477607624556CC00091989E /* ViewController.swift */ = {isa = PBXFileReference; lastKnownFileType = sourcecode.swift; path = ViewController.swift; sourceTree = "<group>"; };
		8477607924556CC00091989E /* Base */ = {isa = PBXFileReference; lastKnownFileType = file.storyboard; name = Base; path = Base.lproj/Main.storyboard; sourceTree = "<group>"; };
		8477607B24556CC30091989E /* Assets.xcassets */ = {isa = PBXFileReference; lastKnownFileType = folder.assetcatalog; path = Assets.xcassets; sourceTree = "<group>"; };
		8477607E24556CC40091989E /* Base */ = {isa = PBXFileReference; lastKnownFileType = file.storyboard; name = Base; path = Base.lproj/LaunchScreen.storyboard; sourceTree = "<group>"; };
		8477608024556CC40091989E /* Info.plist */ = {isa = PBXFileReference; lastKnownFileType = text.plist.xml; path = Info.plist; sourceTree = "<group>"; };
		847D5ABC2481B834003E71A2 /* DetailViewController.swift */ = {isa = PBXFileReference; lastKnownFileType = sourcecode.swift; path = DetailViewController.swift; sourceTree = "<group>"; };
		847D5ABF2481B89C003E71A2 /* AcademiesViewController.swift */ = {isa = PBXFileReference; lastKnownFileType = sourcecode.swift; path = AcademiesViewController.swift; sourceTree = "<group>"; };
		847D5AC12481B8A6003E71A2 /* ChallengesViewController.swift */ = {isa = PBXFileReference; lastKnownFileType = sourcecode.swift; path = ChallengesViewController.swift; sourceTree = "<group>"; };
		847D5AC32481B8B2003E71A2 /* ProfileViewController.swift */ = {isa = PBXFileReference; lastKnownFileType = sourcecode.swift; path = ProfileViewController.swift; sourceTree = "<group>"; };
/* End PBXFileReference section */

/* Begin PBXFrameworksBuildPhase section */
		8477606C24556CC00091989E /* Frameworks */ = {
			isa = PBXFrameworksBuildPhase;
			buildActionMask = 2147483647;
			files = (
			);
			runOnlyForDeploymentPostprocessing = 0;
		};
/* End PBXFrameworksBuildPhase section */

/* Begin PBXGroup section */
		8477606624556CC00091989E = {
			isa = PBXGroup;
			children = (
				8477607124556CC00091989E /* TryVIew */,
				8477607024556CC00091989E /* Products */,
			);
			sourceTree = "<group>";
		};
		8477607024556CC00091989E /* Products */ = {
			isa = PBXGroup;
			children = (
				8477606F24556CC00091989E /* TryVIew.app */,
			);
			name = Products;
			sourceTree = "<group>";
		};
		8477607124556CC00091989E /* TryVIew */ = {
			isa = PBXGroup;
			children = (
				8477607224556CC00091989E /* AppDelegate.swift */,
				8477607424556CC00091989E /* SceneDelegate.swift */,
				8477607624556CC00091989E /* ViewController.swift */,
				8477607824556CC00091989E /* Main.storyboard */,
				8477607B24556CC30091989E /* Assets.xcassets */,
				8477607D24556CC40091989E /* LaunchScreen.storyboard */,
				8477608024556CC40091989E /* Info.plist */,
				847D5ABE2481B865003E71A2 /* Controller */,
			);
			path = TryVIew;
			sourceTree = "<group>";
		};
		847D5ABE2481B865003E71A2 /* Controller */ = {
			isa = PBXGroup;
			children = (
				847D5ABC2481B834003E71A2 /* DetailViewController.swift */,
				847D5ABF2481B89C003E71A2 /* AcademiesViewController.swift */,
				847D5AC12481B8A6003E71A2 /* ChallengesViewController.swift */,
				847D5AC32481B8B2003E71A2 /* ProfileViewController.swift */,
			);
			path = Controller;
			sourceTree = "<group>";
		};
/* End PBXGroup section */

/* Begin PBXNativeTarget section */
		8477606E24556CC00091989E /* TryVIew */ = {
			isa = PBXNativeTarget;
			buildConfigurationList = 8477608324556CC40091989E /* Build configuration list for PBXNativeTarget "TryVIew" */;
			buildPhases = (
				8477606B24556CC00091989E /* Sources */,
				8477606C24556CC00091989E /* Frameworks */,
				8477606D24556CC00091989E /* Resources */,
			);
			buildRules = (
			);
			dependencies = (
			);
			name = TryVIew;
			productName = TryVIew;
			productReference = 8477606F24556CC00091989E /* TryVIew.app */;
			productType = "com.apple.product-type.application";
		};
/* End PBXNativeTarget section */

/* Begin PBXProject section */
		8477606724556CC00091989E /* Project object */ = {
			isa = PBXProject;
			attributes = {
				LastSwiftUpdateCheck = 1130;
				LastUpgradeCheck = 1130;
				ORGANIZATIONNAME = "Kafin Code";
				TargetAttributes = {
					8477606E24556CC00091989E = {
						CreatedOnToolsVersion = 11.3.1;
					};
				};
			};
			buildConfigurationList = 8477606A24556CC00091989E /* Build configuration list for PBXProject "TryVIew" */;
			compatibilityVersion = "Xcode 9.3";
			developmentRegion = en;
			hasScannedForEncodings = 0;
			knownRegions = (
				en,
				Base,
			);
			mainGroup = 8477606624556CC00091989E;
			productRefGroup = 8477607024556CC00091989E /* Products */;
			projectDirPath = "";
			projectRoot = "";
			targets = (
				8477606E24556CC00091989E /* TryVIew */,
			);
		};
/* End PBXProject section */

/* Begin PBXResourcesBuildPhase section */
		8477606D24556CC00091989E /* Resources */ = {
			isa = PBXResourcesBuildPhase;
			buildActionMask = 2147483647;
			files = (
				8477607F24556CC40091989E /* LaunchScreen.storyboard in Resources */,
				8477607C24556CC30091989E /* Assets.xcassets in Resources */,
				8477607A24556CC00091989E /* Main.storyboard in Resources */,
			);
			runOnlyForDeploymentPostprocessing = 0;
		};
/* End PBXResourcesBuildPhase section */

/* Begin PBXSourcesBuildPhase section */
		8477606B24556CC00091989E /* Sources */ = {
			isa = PBXSourcesBuildPhase;
			buildActionMask = 2147483647;
			files = (
				847D5AC22481B8A6003E71A2 /* ChallengesViewController.swift in Sources */,
				8477607724556CC00091989E /* ViewController.swift in Sources */,
				8477607324556CC00091989E /* AppDelegate.swift in Sources */,
				847D5AC02481B89C003E71A2 /* AcademiesViewController.swift in Sources */,
				847D5AC42481B8B2003E71A2 /* ProfileViewController.swift in Sources */,
				8477607524556CC00091989E /* SceneDelegate.swift in Sources */,
				847D5ABD2481B834003E71A2 /* DetailViewController.swift in Sources */,
			);
			runOnlyForDeploymentPostprocessing = 0;
		};
/* End PBXSourcesBuildPhase section */

/* Begin PBXVariantGroup section */
		8477607824556CC00091989E /* Main.storyboard */ = {
			isa = PBXVariantGroup;
			children = (
				8477607924556CC00091989E /* Base */,
			);
			name = Main.storyboard;
			sourceTree = "<group>";
		};
		8477607D24556CC40091989E /* LaunchScreen.storyboard */ = {
			isa = PBXVariantGroup;
			children = (
				8477607E24556CC40091989E /* Base */,
			);
			name = LaunchScreen.storyboard;
			sourceTree = "<group>";
		};
/* End PBXVariantGroup section */

/* Begin XCBuildConfiguration section */
		8477608124556CC40091989E /* Debug */ = {
			isa = XCBuildConfiguration;
			buildSettings = {
				ALWAYS_SEARCH_USER_PATHS = NO;
				CLANG_ANALYZER_NONNULL = YES;
				CLANG_ANALYZER_NUMBER_OBJECT_CONVERSION = YES_AGGRESSIVE;
				CLANG_CXX_LANGUAGE_STANDARD = "gnu++14";
				CLANG_CXX_LIBRARY = "libc++";
				CLANG_ENABLE_MODULES = YES;
				CLANG_ENABLE_OBJC_ARC = YES;
				CLANG_ENABLE_OBJC_WEAK = YES;
				CLANG_WARN_BLOCK_CAPTURE_AUTORELEASING = YES;
				CLANG_WARN_BOOL_CONVERSION = YES;
				CLANG_WARN_COMMA = YES;
				CLANG_WARN_CONSTANT_CONVERSION = YES;
				CLANG_WARN_DEPRECATED_OBJC_IMPLEMENTATIONS = YES;
				CLANG_WARN_DIRECT_OBJC_ISA_USAGE = YES_ERROR;
				CLANG_WARN_DOCUMENTATION_COMMENTS = YES;
				CLANG_WARN_EMPTY_BODY = YES;
				CLANG_WARN_ENUM_CONVERSION = YES;
				CLANG_WARN_INFINITE_RECURSION = YES;
				CLANG_WARN_INT_CONVERSION = YES;
				CLANG_WARN_NON_LITERAL_NULL_CONVERSION = YES;
				CLANG_WARN_OBJC_IMPLICIT_RETAIN_SELF = YES;
				CLANG_WARN_OBJC_LITERAL_CONVERSION = YES;
				CLANG_WARN_OBJC_ROOT_CLASS = YES_ERROR;
				CLANG_WARN_RANGE_LOOP_ANALYSIS = YES;
				CLANG_WARN_STRICT_PROTOTYPES = YES;
				CLANG_WARN_SUSPICIOUS_MOVE = YES;
				CLANG_WARN_UNGUARDED_AVAILABILITY = YES_AGGRESSIVE;
				CLANG_WARN_UNREACHABLE_CODE = YES;
				CLANG_WARN__DUPLICATE_METHOD_MATCH = YES;
				COPY_PHASE_STRIP = NO;
				DEBUG_INFORMATION_FORMAT = dwarf;
				ENABLE_STRICT_OBJC_MSGSEND = YES;
				ENABLE_TESTABILITY = YES;
				GCC_C_LANGUAGE_STANDARD = gnu11;
				GCC_DYNAMIC_NO_PIC = NO;
				GCC_NO_COMMON_BLOCKS = YES;
				GCC_OPTIMIZATION_LEVEL = 0;
				GCC_PREPROCESSOR_DEFINITIONS = (
					"DEBUG=1",
					"$(inherited)",
				);
				GCC_WARN_64_TO_32_BIT_CONVERSION = YES;
				GCC_WARN_ABOUT_RETURN_TYPE = YES_ERROR;
				GCC_WARN_UNDECLARED_SELECTOR = YES;
				GCC_WARN_UNINITIALIZED_AUTOS = YES_AGGRESSIVE;
				GCC_WARN_UNUSED_FUNCTION = YES;
				GCC_WARN_UNUSED_VARIABLE = YES;
				IPHONEOS_DEPLOYMENT_TARGET = 13.2;
				MTL_ENABLE_DEBUG_INFO = INCLUDE_SOURCE;
				MTL_FAST_MATH = YES;
				ONLY_ACTIVE_ARCH = YES;
				SDKROOT = iphoneos;
				SWIFT_ACTIVE_COMPILATION_CONDITIONS = DEBUG;
				SWIFT_OPTIMIZATION_LEVEL = "-Onone";
			};
			name = Debug;
		};
		8477608224556CC40091989E /* Release */ = {
			isa = XCBuildConfiguration;
			buildSettings = {
				ALWAYS_SEARCH_USER_PATHS = NO;
				CLANG_ANALYZER_NONNULL = YES;
				CLANG_ANALYZER_NUMBER_OBJECT_CONVERSION = YES_AGGRESSIVE;
				CLANG_CXX_LANGUAGE_STANDARD = "gnu++14";
				CLANG_CXX_LIBRARY = "libc++";
				CLANG_ENABLE_MODULES = YES;
				CLANG_ENABLE_OBJC_ARC = YES;
				CLANG_ENABLE_OBJC_WEAK = YES;
				CLANG_WARN_BLOCK_CAPTURE_AUTORELEASING = YES;
				CLANG_WARN_BOOL_CONVERSION = YES;
				CLANG_WARN_COMMA = YES;
				CLANG_WARN_CONSTANT_CONVERSION = YES;
				CLANG_WARN_DEPRECATED_OBJC_IMPLEMENTATIONS = YES;
				CLANG_WARN_DIRECT_OBJC_ISA_USAGE = YES_ERROR;
				CLANG_WARN_DOCUMENTATION_COMMENTS = YES;
				CLANG_WARN_EMPTY_BODY = YES;
				CLANG_WARN_ENUM_CONVERSION = YES;
				CLANG_WARN_INFINITE_RECURSION = YES;
				CLANG_WARN_INT_CONVERSION = YES;
				CLANG_WARN_NON_LITERAL_NULL_CONVERSION = YES;
				CLANG_WARN_OBJC_IMPLICIT_RETAIN_SELF = YES;
				CLANG_WARN_OBJC_LITERAL_CONVERSION = YES;
				CLANG_WARN_OBJC_ROOT_CLASS = YES_ERROR;
				CLANG_WARN_RANGE_LOOP_ANALYSIS = YES;
				CLANG_WARN_STRICT_PROTOTYPES = YES;
				CLANG_WARN_SUSPICIOUS_MOVE = YES;
				CLANG_WARN_UNGUARDED_AVAILABILITY = YES_AGGRESSIVE;
				CLANG_WARN_UNREACHABLE_CODE = YES;
				CLANG_WARN__DUPLICATE_METHOD_MATCH = YES;
				COPY_PHASE_STRIP = NO;
				DEBUG_INFORMATION_FORMAT = "dwarf-with-dsym";
				ENABLE_NS_ASSERTIONS = NO;
				ENABLE_STRICT_OBJC_MSGSEND = YES;
				GCC_C_LANGUAGE_STANDARD = gnu11;
				GCC_NO_COMMON_BLOCKS = YES;
				GCC_WARN_64_TO_32_BIT_CONVERSION = YES;
				GCC_WARN_ABOUT_RETURN_TYPE = YES_ERROR;
				GCC_WARN_UNDECLARED_SELECTOR = YES;
				GCC_WARN_UNINITIALIZED_AUTOS = YES_AGGRESSIVE;
				GCC_WARN_UNUSED_FUNCTION = YES;
				GCC_WARN_UNUSED_VARIABLE = YES;
				IPHONEOS_DEPLOYMENT_TARGET = 13.2;
				MTL_ENABLE_DEBUG_INFO = NO;
				MTL_FAST_MATH = YES;
				SDKROOT = iphoneos;
				SWIFT_COMPILATION_MODE = wholemodule;
				SWIFT_OPTIMIZATION_LEVEL = "-O";
				VALIDATE_PRODUCT = YES;
			};
			name = Release;
		};
		8477608424556CC40091989E /* Debug */ = {
			isa = XCBuildConfiguration;
			buildSettings = {
				ASSETCATALOG_COMPILER_APPICON_NAME = AppIcon;
				CODE_SIGN_STYLE = Automatic;
				INFOPLIST_FILE = TryVIew/Info.plist;
				LD_RUNPATH_SEARCH_PATHS = (
					"$(inherited)",
					"@executable_path/Frameworks",
				);
				PRODUCT_BUNDLE_IDENTIFIER = com.kafin.TryVIew;
				PRODUCT_NAME = "$(TARGET_NAME)";
				SWIFT_VERSION = 5.0;
				TARGETED_DEVICE_FAMILY = "1,2";
			};
			name = Debug;
		};
		8477608524556CC40091989E /* Release */ = {
			isa = XCBuildConfiguration;
			buildSettings = {
				ASSETCATALOG_COMPILER_APPICON_NAME = AppIcon;
				CODE_SIGN_STYLE = Automatic;
				INFOPLIST_FILE = TryVIew/Info.plist;
				LD_RUNPATH_SEARCH_PATHS = (
					"$(inherited)",
					"@executable_path/Frameworks",
				);
				PRODUCT_BUNDLE_IDENTIFIER = com.kafin.TryVIew;
				PRODUCT_NAME = "$(TARGET_NAME)";
				SWIFT_VERSION = 5.0;
				TARGETED_DEVICE_FAMILY = "1,2";
			};
			name = Release;
		};
/* End XCBuildConfiguration section */

/* Begin XCConfigurationList section */
		8477606A24556CC00091989E /* Build configuration list for PBXProject "TryVIew" */ = {
			isa = XCConfigurationList;
			buildConfigurations = (
				8477608124556CC40091989E /* Debug */,
				8477608224556CC40091989E /* Release */,
			);
			defaultConfigurationIsVisible = 0;
			defaultConfigurationName = Release;
		};
		8477608324556CC40091989E /* Build configuration list for PBXNativeTarget "TryVIew" */ = {
			isa = XCConfigurationList;
			buildConfigurations = (
				8477608424556CC40091989E /* Debug */,
				8477608524556CC40091989E /* Release */,
			);
			defaultConfigurationIsVisible = 0;
			defaultConfigurationName = Release;
		};
/* End XCConfigurationList section */
	};
	rootObject = 8477606724556CC00091989E /* Project object */;
}
